
Microsoft Visual Studio Solution File, Format Version 12.00
# Visual Studio 15
VisualStudioVersion = 15.0.27428.2037
MinimumVisualStudioVersion = 10.0.40219.1
Project("{FAE04EC0-301F-11D3-BF4B-00C04F79EFBC}") = "PNP", "PNP\PNP.csproj", "{8DBEEFF8-E937-4CF6-B0E3-1096DCFEB2C5}"
EndProject
Project("{FAE04EC0-301F-11D3-BF4B-00C04F79EFBC}") = "WOOLWORTH", "WOOLWORTH\WOOLWORTH.csproj", "{20664C04-C839-407F-BA50-73AE54E35257}"
EndProject
Project("{FAE04EC0-301F-11D3-BF4B-00C04F79EFBC}") = "CHECKERS", "CHECKERS\CHECKERS.csproj", "{DD6E577D-467C-4FF9-B886-58463062DC25}"
EndProject
Project("{FAE04EC0-301F-11D3-BF4B-00C04F79EFBC}") = "SPAR", "SPAR\SPAR.csproj", "{7316C479-D45B-4782-94AA-F576FB591B7D}"
EndProject
Project("{FAE04EC0-301F-11D3-BF4B-00C04F79EFBC}") = "mvcTest3", "..\MvcTestMySql\mvcTest3\mvcTest3.csproj", "{DB7CF0B4-F1AC-4CBA-B553-B1CA4B1AEBAF}"
EndProject
Project("{FAE04EC0-301F-11D3-BF4B-00C04F79EFBC}") = "Woolworth_App", "Woolworth_App\Woolworth_App.csproj", "{E3146AE8-36FB-4586-85F7-83A5D478C190}"
EndProject
Global
	GlobalSection(SolutionConfigurationPlatforms) = preSolution
		Debug|Any CPU = Debug|Any CPU
		Release|Any CPU = Release|Any CPU
	EndGlobalSection
	GlobalSection(ProjectConfigurationPlatforms) = postSolution
		{8DBEEFF8-E937-4CF6-B0E3-1096DCFEB2C5}.Debug|Any CPU.ActiveCfg = Debug|Any CPU
		{8DBEEFF8-E937-4CF6-B0E3-1096DCFEB2C5}.Debug|Any CPU.Build.0 = Debug|Any CPU
		{8DBEEFF8-E937-4CF6-B0E3-1096DCFEB2C5}.Release|Any CPU.ActiveCfg = Release|Any CPU
		{8DBEEFF8-E937-4CF6-B0E3-1096DCFEB2C5}.Release|Any CPU.Build.0 = Release|Any CPU
		{20664C04-C839-407F-BA50-73AE54E35257}.Debug|Any CPU.ActiveCfg = Debug|Any CPU
		{20664C04-C839-407F-BA50-73AE54E35257}.Debug|Any CPU.Build.0 = Debug|Any CPU
		{20664C04-C839-407F-BA50-73AE54E35257}.Release|Any CPU.ActiveCfg = Release|Any CPU
		{20664C04-C839-407F-BA50-73AE54E35257}.Release|Any CPU.Build.0 = Release|Any CPU
		{DD6E577D-467C-4FF9-B886-58463062DC25}.Debug|Any CPU.ActiveCfg = Debug|Any CPU
		{DD6E577D-467C-4FF9-B886-58463062DC25}.Debug|Any CPU.Build.0 = Debug|Any CPU
		{DD6E577D-467C-4FF9-B886-58463062DC25}.Release|Any CPU.ActiveCfg = Release|Any CPU
		{DD6E577D-467C-4FF9-B886-58463062DC25}.Release|Any CPU.Build.0 = Release|Any CPU
		{7316C479-D45B-4782-94AA-F576FB591B7D}.Debug|Any CPU.ActiveCfg = Debug|Any CPU
		{7316C479-D45B-4782-94AA-F576FB591B7D}.Debug|Any CPU.Build.0 = Debug|Any CPU
		{7316C479-D45B-4782-94AA-F576FB591B7D}.Release|Any CPU.ActiveCfg = Release|Any CPU
		{7316C479-D45B-4782-94AA-F576FB591B7D}.Release|Any CPU.Build.0 = Release|Any CPU
		{DB7CF0B4-F1AC-4CBA-B553-B1CA4B1AEBAF}.Debug|Any CPU.ActiveCfg = Debug|Any CPU
		{DB7CF0B4-F1AC-4CBA-B553-B1CA4B1AEBAF}.Debug|Any CPU.Build.0 = Debug|Any CPU
		{DB7CF0B4-F1AC-4CBA-B553-B1CA4B1AEBAF}.Release|Any CPU.ActiveCfg = Release|Any CPU
		{DB7CF0B4-F1AC-4CBA-B553-B1CA4B1AEBAF}.Release|Any CPU.Build.0 = Release|Any CPU
		{E3146AE8-36FB-4586-85F7-83A5D478C190}.Debug|Any CPU.ActiveCfg = Debug|Any CPU
		{E3146AE8-36FB-4586-85F7-83A5D478C190}.Debug|Any CPU.Build.0 = Debug|Any CPU
		{E3146AE8-36FB-4586-85F7-83A5D478C190}.Debug|Any CPU.Deploy.0 = Debug|Any CPU
		{E3146AE8-36FB-4586-85F7-83A5D478C190}.Release|Any CPU.ActiveCfg = Release|Any CPU
		{E3146AE8-36FB-4586-85F7-83A5D478C190}.Release|Any CPU.Build.0 = Release|Any CPU
		{E3146AE8-36FB-4586-85F7-83A5D478C190}.Release|Any CPU.Deploy.0 = Release|Any CPU
	EndGlobalSection
	GlobalSection(SolutionProperties) = preSolution
		HideSolutionNode = FALSE
	EndGlobalSection
	GlobalSection(ExtensibilityGlobals) = postSolution
		SolutionGuid = {1A3C536B-74C9-46BB-9BAC-6959A1693ED6}
	EndGlobalSection
EndGlobal
